
Microsoft Visual Studio Solution File, Format Version 12.00
# Visual Studio Version 17
VisualStudioVersion = 17.14.36518.9
MinimumVisualStudioVersion = 10.0.40219.1
Project("{2150E333-8FDC-42A3-9474-1A3956D46DE8}") = "Task0", "Task0", "{36D591C7-65C7-A0D1-1CBC-10CDE441BDC8}"
EndProject
Project("{FAE04EC0-301F-11D3-BF4B-00C04F79EFBC}") = "Tyuiu.BarabashMI.Sprint6.Task0.V8", "Tyuiu.BarabashMI.Sprint6.Task0.V8\Tyuiu.BarabashMI.Sprint6.Task0.V8.csproj", "{4F81CEDD-364F-4CD5-8D84-BFE42E70FCF8}"
EndProject
Project("{FAE04EC0-301F-11D3-BF4B-00C04F79EFBC}") = "Tyuiu.BarabashMI.Sprint6.Task0.V8.Lib", "Tyuiu.BarabashMI.Sprint6.Task0.V8.Lib\Tyuiu.BarabashMI.Sprint6.Task0.V8.Lib.csproj", "{A627F1E8-8E17-4F50-A536-AB7A948D785B}"
EndProject
Project("{FAE04EC0-301F-11D3-BF4B-00C04F79EFBC}") = "Tyuiu.BarabashMI.Sprint6.Task0.V8.Test", "Tyuiu.BarabashMI.Sprint6.Task0.V8.Test\Tyuiu.BarabashMI.Sprint6.Task0.V8.Test.csproj", "{96459E57-9DC8-4F72-A853-E2DCBF36F531}"
EndProject
Project("{2150E333-8FDC-42A3-9474-1A3956D46DE8}") = "Task1", "Task1", "{0CE37C1F-A712-4D0E-B912-76034E24BB80}"
EndProject
Project("{FAE04EC0-301F-11D3-BF4B-00C04F79EFBC}") = "Tyuiu.BarabashMI.Sprint6.Task1.V29", "Tyuiu.BarabashMI.Sprint6.Task1.V29\Tyuiu.BarabashMI.Sprint6.Task1.V29.csproj", "{32862A02-C019-421B-A829-47F4F8840E6B}"
EndProject
Project("{FAE04EC0-301F-11D3-BF4B-00C04F79EFBC}") = "Tyuiu.BarabashMI.Sprint6.Task1.V29.Lib", "Tyuiu.BarabashMI.Sprint6.Task1.V29.Lib\Tyuiu.BarabashMI.Sprint6.Task1.V29.Lib.csproj", "{10ED5A9C-C88C-4B56-81FD-7E1C9EBC39FD}"
EndProject
Project("{FAE04EC0-301F-11D3-BF4B-00C04F79EFBC}") = "Tyuiu.BarabashMI.Sprint6.Task1.V29.Test", "Tyuiu.BarabashMI.Sprint6.Task1.V29.Test\Tyuiu.BarabashMI.Sprint6.Task1.V29.Test.csproj", "{85D86B60-77E7-4C58-AFCE-6A7AEC6359B3}"
EndProject
Project("{2150E333-8FDC-42A3-9474-1A3956D46DE8}") = "Task2", "Task2", "{411901B8-9A29-45F9-80F8-0005D927A05E}"
EndProject
Project("{FAE04EC0-301F-11D3-BF4B-00C04F79EFBC}") = "Tyuiu.BarabashMI.Sprint6.Task2.V25", "Tyuiu.BarabashMI.Sprint6.Task2.V25\Tyuiu.BarabashMI.Sprint6.Task2.V25.csproj", "{EE55A5B8-0F81-4B81-9141-342A39E07BC7}"
EndProject
Project("{FAE04EC0-301F-11D3-BF4B-00C04F79EFBC}") = "Tyuiu.BarabashMI.Sprint6.Task2.V25.Lib", "Tyuiu.BarabashMI.Sprint6.Task2.V25.Lib\Tyuiu.BarabashMI.Sprint6.Task2.V25.Lib.csproj", "{17307EA4-D087-4726-87B0-7EB1291A050A}"
EndProject
Project("{FAE04EC0-301F-11D3-BF4B-00C04F79EFBC}") = "Tyuiu.BarabashMI.Sprint6.Task2.V25.Test", "Tyuiu.BarabashMI.Sprint6.Task2.V25.Test\Tyuiu.BarabashMI.Sprint6.Task2.V25.Test.csproj", "{71CB14F9-1CAD-48D7-BEA0-2E797D893E67}"
EndProject
Project("{2150E333-8FDC-42A3-9474-1A3956D46DE8}") = "Task3", "Task3", "{E2D7036F-9A0D-4FC1-BF94-F444730A0827}"
EndProject
Project("{FAE04EC0-301F-11D3-BF4B-00C04F79EFBC}") = "Tyuiu.BarabashMI.Sprint6.Task3.V12", "Tyuiu.BarabashMI.Sprint6.Task3.V12\Tyuiu.BarabashMI.Sprint6.Task3.V12.csproj", "{C2123D87-6CF4-44A5-9619-7A8A319260BA}"
EndProject
Project("{FAE04EC0-301F-11D3-BF4B-00C04F79EFBC}") = "Tyuiu.BarabashMI.Sprint6.Task3.V12.Lib", "Tyuiu.BarabashMI.Sprint6.Task3.V12.Lib\Tyuiu.BarabashMI.Sprint6.Task3.V12.Lib.csproj", "{8A69F27D-F12D-419F-AAE9-E4C98553B557}"
EndProject
Project("{FAE04EC0-301F-11D3-BF4B-00C04F79EFBC}") = "Tyuiu.BarabashMI.Sprint6.Task3.V12.Test", "Tyuiu.BarabashMI.Sprint6.Task3.V12.Test\Tyuiu.BarabashMI.Sprint6.Task3.V12.Test.csproj", "{9616201D-E3D2-476C-BAB3-E3928DD8DC72}"
EndProject
Global
	GlobalSection(SolutionConfigurationPlatforms) = preSolution
		Debug|Any CPU = Debug|Any CPU
		Release|Any CPU = Release|Any CPU
	EndGlobalSection
	GlobalSection(ProjectConfigurationPlatforms) = postSolution
		{4F81CEDD-364F-4CD5-8D84-BFE42E70FCF8}.Debug|Any CPU.ActiveCfg = Debug|Any CPU
		{4F81CEDD-364F-4CD5-8D84-BFE42E70FCF8}.Debug|Any CPU.Build.0 = Debug|Any CPU
		{4F81CEDD-364F-4CD5-8D84-BFE42E70FCF8}.Release|Any CPU.ActiveCfg = Release|Any CPU
		{4F81CEDD-364F-4CD5-8D84-BFE42E70FCF8}.Release|Any CPU.Build.0 = Release|Any CPU
		{A627F1E8-8E17-4F50-A536-AB7A948D785B}.Debug|Any CPU.ActiveCfg = Debug|Any CPU
		{A627F1E8-8E17-4F50-A536-AB7A948D785B}.Debug|Any CPU.Build.0 = Debug|Any CPU
		{A627F1E8-8E17-4F50-A536-AB7A948D785B}.Release|Any CPU.ActiveCfg = Release|Any CPU
		{A627F1E8-8E17-4F50-A536-AB7A948D785B}.Release|Any CPU.Build.0 = Release|Any CPU
		{96459E57-9DC8-4F72-A853-E2DCBF36F531}.Debug|Any CPU.ActiveCfg = Debug|Any CPU
		{96459E57-9DC8-4F72-A853-E2DCBF36F531}.Debug|Any CPU.Build.0 = Debug|Any CPU
		{96459E57-9DC8-4F72-A853-E2DCBF36F531}.Release|Any CPU.ActiveCfg = Release|Any CPU
		{96459E57-9DC8-4F72-A853-E2DCBF36F531}.Release|Any CPU.Build.0 = Release|Any CPU
		{32862A02-C019-421B-A829-47F4F8840E6B}.Debug|Any CPU.ActiveCfg = Debug|Any CPU
		{32862A02-C019-421B-A829-47F4F8840E6B}.Debug|Any CPU.Build.0 = Debug|Any CPU
		{32862A02-C019-421B-A829-47F4F8840E6B}.Release|Any CPU.ActiveCfg = Release|Any CPU
		{32862A02-C019-421B-A829-47F4F8840E6B}.Release|Any CPU.Build.0 = Release|Any CPU
		{10ED5A9C-C88C-4B56-81FD-7E1C9EBC39FD}.Debug|Any CPU.ActiveCfg = Debug|Any CPU
		{10ED5A9C-C88C-4B56-81FD-7E1C9EBC39FD}.Debug|Any CPU.Build.0 = Debug|Any CPU
		{10ED5A9C-C88C-4B56-81FD-7E1C9EBC39FD}.Release|Any CPU.ActiveCfg = Release|Any CPU
		{10ED5A9C-C88C-4B56-81FD-7E1C9EBC39FD}.Release|Any CPU.Build.0 = Release|Any CPU
		{85D86B60-77E7-4C58-AFCE-6A7AEC6359B3}.Debug|Any CPU.ActiveCfg = Debug|Any CPU
		{85D86B60-77E7-4C58-AFCE-6A7AEC6359B3}.Debug|Any CPU.Build.0 = Debug|Any CPU
		{85D86B60-77E7-4C58-AFCE-6A7AEC6359B3}.Release|Any CPU.ActiveCfg = Release|Any CPU
		{85D86B60-77E7-4C58-AFCE-6A7AEC6359B3}.Release|Any CPU.Build.0 = Release|Any CPU
		{EE55A5B8-0F81-4B81-9141-342A39E07BC7}.Debug|Any CPU.ActiveCfg = Debug|Any CPU
		{EE55A5B8-0F81-4B81-9141-342A39E07BC7}.Debug|Any CPU.Build.0 = Debug|Any CPU
		{EE55A5B8-0F81-4B81-9141-342A39E07BC7}.Release|Any CPU.ActiveCfg = Release|Any CPU
		{EE55A5B8-0F81-4B81-9141-342A39E07BC7}.Release|Any CPU.Build.0 = Release|Any CPU
		{17307EA4-D087-4726-87B0-7EB1291A050A}.Debug|Any CPU.ActiveCfg = Debug|Any CPU
		{17307EA4-D087-4726-87B0-7EB1291A050A}.Debug|Any CPU.Build.0 = Debug|Any CPU
		{17307EA4-D087-4726-87B0-7EB1291A050A}.Release|Any CPU.ActiveCfg = Release|Any CPU
		{17307EA4-D087-4726-87B0-7EB1291A050A}.Release|Any CPU.Build.0 = Release|Any CPU
		{71CB14F9-1CAD-48D7-BEA0-2E797D893E67}.Debug|Any CPU.ActiveCfg = Debug|Any CPU
		{71CB14F9-1CAD-48D7-BEA0-2E797D893E67}.Debug|Any CPU.Build.0 = Debug|Any CPU
		{71CB14F9-1CAD-48D7-BEA0-2E797D893E67}.Release|Any CPU.ActiveCfg = Release|Any CPU
		{71CB14F9-1CAD-48D7-BEA0-2E797D893E67}.Release|Any CPU.Build.0 = Release|Any CPU
		{C2123D87-6CF4-44A5-9619-7A8A319260BA}.Debug|Any CPU.ActiveCfg = Debug|Any CPU
		{C2123D87-6CF4-44A5-9619-7A8A319260BA}.Debug|Any CPU.Build.0 = Debug|Any CPU
		{C2123D87-6CF4-44A5-9619-7A8A319260BA}.Release|Any CPU.ActiveCfg = Release|Any CPU
		{C2123D87-6CF4-44A5-9619-7A8A319260BA}.Release|Any CPU.Build.0 = Release|Any CPU
		{8A69F27D-F12D-419F-AAE9-E4C98553B557}.Debug|Any CPU.ActiveCfg = Debug|Any CPU
		{8A69F27D-F12D-419F-AAE9-E4C98553B557}.Debug|Any CPU.Build.0 = Debug|Any CPU
		{8A69F27D-F12D-419F-AAE9-E4C98553B557}.Release|Any CPU.ActiveCfg = Release|Any CPU
		{8A69F27D-F12D-419F-AAE9-E4C98553B557}.Release|Any CPU.Build.0 = Release|Any CPU
		{9616201D-E3D2-476C-BAB3-E3928DD8DC72}.Debug|Any CPU.ActiveCfg = Debug|Any CPU
		{9616201D-E3D2-476C-BAB3-E3928DD8DC72}.Debug|Any CPU.Build.0 = Debug|Any CPU
		{9616201D-E3D2-476C-BAB3-E3928DD8DC72}.Release|Any CPU.ActiveCfg = Release|Any CPU
		{9616201D-E3D2-476C-BAB3-E3928DD8DC72}.Release|Any CPU.Build.0 = Release|Any CPU
	EndGlobalSection
	GlobalSection(SolutionProperties) = preSolution
		HideSolutionNode = FALSE
	EndGlobalSection
	GlobalSection(NestedProjects) = preSolution
		{4F81CEDD-364F-4CD5-8D84-BFE42E70FCF8} = {36D591C7-65C7-A0D1-1CBC-10CDE441BDC8}
		{A627F1E8-8E17-4F50-A536-AB7A948D785B} = {36D591C7-65C7-A0D1-1CBC-10CDE441BDC8}
		{96459E57-9DC8-4F72-A853-E2DCBF36F531} = {36D591C7-65C7-A0D1-1CBC-10CDE441BDC8}
		{32862A02-C019-421B-A829-47F4F8840E6B} = {0CE37C1F-A712-4D0E-B912-76034E24BB80}
		{10ED5A9C-C88C-4B56-81FD-7E1C9EBC39FD} = {0CE37C1F-A712-4D0E-B912-76034E24BB80}
		{85D86B60-77E7-4C58-AFCE-6A7AEC6359B3} = {0CE37C1F-A712-4D0E-B912-76034E24BB80}
		{EE55A5B8-0F81-4B81-9141-342A39E07BC7} = {411901B8-9A29-45F9-80F8-0005D927A05E}
		{17307EA4-D087-4726-87B0-7EB1291A050A} = {411901B8-9A29-45F9-80F8-0005D927A05E}
		{71CB14F9-1CAD-48D7-BEA0-2E797D893E67} = {411901B8-9A29-45F9-80F8-0005D927A05E}
		{C2123D87-6CF4-44A5-9619-7A8A319260BA} = {E2D7036F-9A0D-4FC1-BF94-F444730A0827}
		{8A69F27D-F12D-419F-AAE9-E4C98553B557} = {E2D7036F-9A0D-4FC1-BF94-F444730A0827}
		{9616201D-E3D2-476C-BAB3-E3928DD8DC72} = {E2D7036F-9A0D-4FC1-BF94-F444730A0827}
	EndGlobalSection
	GlobalSection(ExtensibilityGlobals) = postSolution
		SolutionGuid = {975018C4-92D9-401C-A419-068639E7242C}
	EndGlobalSection
EndGlobal
